
Microsoft Visual Studio Solution File, Format Version 12.00
# Visual Studio Version 17
VisualStudioVersion = 17.3.32611.2
MinimumVisualStudioVersion = 10.0.40219.1
Project("{FAE04EC0-301F-11D3-BF4B-00C04F79EFBC}") = "BlogEngineSample", "BlogEngineSample.csproj", "{BC4E786E-100F-4D73-A915-A631817A3888}"
EndProject
Global
	GlobalSection(SolutionConfigurationPlatforms) = preSolution
		Debug|Any CPU = Debug|Any CPU
		Release|Any CPU = Release|Any CPU
	EndGlobalSection
	GlobalSection(ProjectConfigurationPlatforms) = postSolution
		{BC4E786E-100F-4D73-A915-A631817A3888}.Debug|Any CPU.ActiveCfg = Debug|Any CPU
		{BC4E786E-100F-4D73-A915-A631817A3888}.Debug|Any CPU.Build.0 = Debug|Any CPU
		{BC4E786E-100F-4D73-A915-A631817A3888}.Release|Any CPU.ActiveCfg = Release|Any CPU
		{BC4E786E-100F-4D73-A915-A631817A3888}.Release|Any CPU.Build.0 = Release|Any CPU
	EndGlobalSection
	GlobalSection(SolutionProperties) = preSolution
		HideSolutionNode = FALSE
	EndGlobalSection
	GlobalSection(ExtensibilityGlobals) = postSolution
		SolutionGuid = {2EFE7EA4-996B-413A-B721-C85252E1F352}
	EndGlobalSection
EndGlobal
